
Microsoft Visual Studio Solution File, Format Version 12.00
# Visual Studio Version 17
VisualStudioVersion = 17.8.34330.188
MinimumVisualStudioVersion = 10.0.40219.1
Project("{9A19103F-16F7-4668-BE54-9A1E7A4F7556}") = "Lesson4", "Lesson4.csproj", "{A9DCCF75-9ED6-4062-B785-C4C909103163}"
EndProject
Project("{FAE04EC0-301F-11D3-BF4B-00C04F79EFBC}") = "POB2312 DZ", "..\POB2312 DZ\POB2312 DZ.csproj", "{2710F707-EB71-4BBE-B53E-6BC39286A6C4}"
EndProject
Project("{9A19103F-16F7-4668-BE54-9A1E7A4F7556}") = "Lesson 5", "..\POB2312 DZ\Lesson 5.csproj", "{966E6B13-F619-465A-995E-AA7A3B118E05}"
EndProject
Global
	GlobalSection(SolutionConfigurationPlatforms) = preSolution
		Debug|Any CPU = Debug|Any CPU
		Release|Any CPU = Release|Any CPU
	EndGlobalSection
	GlobalSection(ProjectConfigurationPlatforms) = postSolution
		{A9DCCF75-9ED6-4062-B785-C4C909103163}.Debug|Any CPU.ActiveCfg = Debug|Any CPU
		{A9DCCF75-9ED6-4062-B785-C4C909103163}.Debug|Any CPU.Build.0 = Debug|Any CPU
		{A9DCCF75-9ED6-4062-B785-C4C909103163}.Release|Any CPU.ActiveCfg = Release|Any CPU
		{A9DCCF75-9ED6-4062-B785-C4C909103163}.Release|Any CPU.Build.0 = Release|Any CPU
		{2710F707-EB71-4BBE-B53E-6BC39286A6C4}.Debug|Any CPU.ActiveCfg = Debug|Any CPU
		{2710F707-EB71-4BBE-B53E-6BC39286A6C4}.Debug|Any CPU.Build.0 = Debug|Any CPU
		{2710F707-EB71-4BBE-B53E-6BC39286A6C4}.Release|Any CPU.ActiveCfg = Release|Any CPU
		{2710F707-EB71-4BBE-B53E-6BC39286A6C4}.Release|Any CPU.Build.0 = Release|Any CPU
		{966E6B13-F619-465A-995E-AA7A3B118E05}.Debug|Any CPU.ActiveCfg = Debug|Any CPU
		{966E6B13-F619-465A-995E-AA7A3B118E05}.Debug|Any CPU.Build.0 = Debug|Any CPU
		{966E6B13-F619-465A-995E-AA7A3B118E05}.Release|Any CPU.ActiveCfg = Release|Any CPU
		{966E6B13-F619-465A-995E-AA7A3B118E05}.Release|Any CPU.Build.0 = Release|Any CPU
	EndGlobalSection
	GlobalSection(SolutionProperties) = preSolution
		HideSolutionNode = FALSE
	EndGlobalSection
	GlobalSection(ExtensibilityGlobals) = postSolution
		SolutionGuid = {FC9C8B20-CF29-4368-9E6A-2BCD0A54399A}
	EndGlobalSection
EndGlobal
